// !$*UTF8*$!
{
	archiveVersion = 1;
	classes = {
	};
	objectVersion = 55;
	objects = {

/* Begin PBXBuildFile section */
		03FC6247271D758B00512585 /* FWHomePageViewController.swift in Sources */ = {isa = PBXBuildFile; fileRef = 03FC6246271D758B00512585 /* FWHomePageViewController.swift */; };
		03FC624B271D760D00512585 /* FWMineViewController.swift in Sources */ = {isa = PBXBuildFile; fileRef = 03FC624A271D760D00512585 /* FWMineViewController.swift */; };
		03FC624D271D761800512585 /* FWRankPageViewController.swift in Sources */ = {isa = PBXBuildFile; fileRef = 03FC624C271D761800512585 /* FWRankPageViewController.swift */; };
		2DD411A8270D381700B1BDC2 /* AppDelegate.swift in Sources */ = {isa = PBXBuildFile; fileRef = 2DD411A7270D381700B1BDC2 /* AppDelegate.swift */; };
		2DD411AF270D381700B1BDC2 /* Main.storyboard in Resources */ = {isa = PBXBuildFile; fileRef = 2DD411AD270D381700B1BDC2 /* Main.storyboard */; };
		2DD411B1270D381800B1BDC2 /* Assets.xcassets in Resources */ = {isa = PBXBuildFile; fileRef = 2DD411B0270D381800B1BDC2 /* Assets.xcassets */; };
		2DD411B4270D381800B1BDC2 /* LaunchScreen.storyboard in Resources */ = {isa = PBXBuildFile; fileRef = 2DD411B2270D381800B1BDC2 /* LaunchScreen.storyboard */; };
		3FD87CE201C84C38A6228C5D /* Pods_SuperRocket.framework in Frameworks */ = {isa = PBXBuildFile; fileRef = FA4A1B15993F1C59A607171F /* Pods_SuperRocket.framework */; };
/* End PBXBuildFile section */

/* Begin PBXFileReference section */
		03FC6246271D758B00512585 /* FWHomePageViewController.swift */ = {isa = PBXFileReference; lastKnownFileType = sourcecode.swift; path = FWHomePageViewController.swift; sourceTree = "<group>"; };
		03FC624A271D760D00512585 /* FWMineViewController.swift */ = {isa = PBXFileReference; lastKnownFileType = sourcecode.swift; path = FWMineViewController.swift; sourceTree = "<group>"; };
		03FC624C271D761800512585 /* FWRankPageViewController.swift */ = {isa = PBXFileReference; lastKnownFileType = sourcecode.swift; path = FWRankPageViewController.swift; sourceTree = "<group>"; };
		2DD411A4270D381700B1BDC2 /* SuperRocket.app */ = {isa = PBXFileReference; explicitFileType = wrapper.application; includeInIndex = 0; path = SuperRocket.app; sourceTree = BUILT_PRODUCTS_DIR; };
		2DD411A7270D381700B1BDC2 /* AppDelegate.swift */ = {isa = PBXFileReference; lastKnownFileType = sourcecode.swift; path = AppDelegate.swift; sourceTree = "<group>"; };
		2DD411AE270D381700B1BDC2 /* Base */ = {isa = PBXFileReference; lastKnownFileType = file.storyboard; name = Base; path = Base.lproj/Main.storyboard; sourceTree = "<group>"; };
		2DD411B0270D381800B1BDC2 /* Assets.xcassets */ = {isa = PBXFileReference; lastKnownFileType = folder.assetcatalog; path = Assets.xcassets; sourceTree = "<group>"; };
		2DD411B3270D381800B1BDC2 /* Base */ = {isa = PBXFileReference; lastKnownFileType = file.storyboard; name = Base; path = Base.lproj/LaunchScreen.storyboard; sourceTree = "<group>"; };
		2DD411B5270D381800B1BDC2 /* Info.plist */ = {isa = PBXFileReference; lastKnownFileType = text.plist.xml; path = Info.plist; sourceTree = "<group>"; };
		7E6F1A4219E84D5635EBA333 /* Pods-SuperRocket.release.xcconfig */ = {isa = PBXFileReference; includeInIndex = 1; lastKnownFileType = text.xcconfig; name = "Pods-SuperRocket.release.xcconfig"; path = "Target Support Files/Pods-SuperRocket/Pods-SuperRocket.release.xcconfig"; sourceTree = "<group>"; };
		985E34E20B0DC69D52B01F06 /* Pods-SuperRocket.debug.xcconfig */ = {isa = PBXFileReference; includeInIndex = 1; lastKnownFileType = text.xcconfig; name = "Pods-SuperRocket.debug.xcconfig"; path = "Target Support Files/Pods-SuperRocket/Pods-SuperRocket.debug.xcconfig"; sourceTree = "<group>"; };
		FA4A1B15993F1C59A607171F /* Pods_SuperRocket.framework */ = {isa = PBXFileReference; explicitFileType = wrapper.framework; includeInIndex = 0; path = Pods_SuperRocket.framework; sourceTree = BUILT_PRODUCTS_DIR; };
/* End PBXFileReference section */

/* Begin PBXFrameworksBuildPhase section */
		2DD411A1270D381700B1BDC2 /* Frameworks */ = {
			isa = PBXFrameworksBuildPhase;
			buildActionMask = 2147483647;
			files = (
				3FD87CE201C84C38A6228C5D /* Pods_SuperRocket.framework in Frameworks */,
			);
			runOnlyForDeploymentPostprocessing = 0;
		};
/* End PBXFrameworksBuildPhase section */

/* Begin PBXGroup section */
		03FC6243271D755000512585 /* Section */ = {
			isa = PBXGroup;
			children = (
				03FC6249271D75FF00512585 /* Rank */,
				03FC6248271D75F500512585 /* Mine */,
				03FC6245271D756B00512585 /* Home */,
			);
			path = Section;
			sourceTree = "<group>";
		};
		03FC6244271D756000512585 /* Common */ = {
			isa = PBXGroup;
			children = (
			);
			path = Common;
			sourceTree = "<group>";
		};
		03FC6245271D756B00512585 /* Home */ = {
			isa = PBXGroup;
			children = (
				03FC6246271D758B00512585 /* FWHomePageViewController.swift */,
			);
			path = Home;
			sourceTree = "<group>";
		};
		03FC6248271D75F500512585 /* Mine */ = {
			isa = PBXGroup;
			children = (
				03FC624A271D760D00512585 /* FWMineViewController.swift */,
			);
			path = Mine;
			sourceTree = "<group>";
		};
		03FC6249271D75FF00512585 /* Rank */ = {
			isa = PBXGroup;
			children = (
				03FC624C271D761800512585 /* FWRankPageViewController.swift */,
			);
			path = Rank;
			sourceTree = "<group>";
		};
		27849663B5B1230DAF2D26F3 /* Frameworks */ = {
			isa = PBXGroup;
			children = (
				FA4A1B15993F1C59A607171F /* Pods_SuperRocket.framework */,
			);
			name = Frameworks;
			sourceTree = "<group>";
		};
		2DD4119B270D381700B1BDC2 = {
			isa = PBXGroup;
			children = (
				2DD411A6270D381700B1BDC2 /* SuperRocket */,
				2DD411A5270D381700B1BDC2 /* Products */,
				75294FF1F5DFE5A2A0B5E758 /* Pods */,
				27849663B5B1230DAF2D26F3 /* Frameworks */,
			);
			sourceTree = "<group>";
		};
		2DD411A5270D381700B1BDC2 /* Products */ = {
			isa = PBXGroup;
			children = (
				2DD411A4270D381700B1BDC2 /* SuperRocket.app */,
			);
			name = Products;
			sourceTree = "<group>";
		};
		2DD411A6270D381700B1BDC2 /* SuperRocket */ = {
			isa = PBXGroup;
			children = (
				03FC6244271D756000512585 /* Common */,
				03FC6243271D755000512585 /* Section */,
				2DD411A7270D381700B1BDC2 /* AppDelegate.swift */,
				2DD411AD270D381700B1BDC2 /* Main.storyboard */,
				2DD411B0270D381800B1BDC2 /* Assets.xcassets */,
				2DD411B2270D381800B1BDC2 /* LaunchScreen.storyboard */,
				2DD411B5270D381800B1BDC2 /* Info.plist */,
			);
			path = SuperRocket;
			sourceTree = "<group>";
		};
		75294FF1F5DFE5A2A0B5E758 /* Pods */ = {
			isa = PBXGroup;
			children = (
				985E34E20B0DC69D52B01F06 /* Pods-SuperRocket.debug.xcconfig */,
				7E6F1A4219E84D5635EBA333 /* Pods-SuperRocket.release.xcconfig */,
			);
			path = Pods;
			sourceTree = "<group>";
		};
/* End PBXGroup section */

/* Begin PBXNativeTarget section */
		2DD411A3270D381700B1BDC2 /* SuperRocket */ = {
			isa = PBXNativeTarget;
			buildConfigurationList = 2DD411B8270D381800B1BDC2 /* Build configuration list for PBXNativeTarget "SuperRocket" */;
			buildPhases = (
				9548D45FDBE305CFB34D0C2D /* [CP] Check Pods Manifest.lock */,
				2DD411A0270D381700B1BDC2 /* Sources */,
				2DD411A1270D381700B1BDC2 /* Frameworks */,
				2DD411A2270D381700B1BDC2 /* Resources */,
				80BEE52B70DD2FDD90681FCA /* [CP] Embed Pods Frameworks */,
			);
			buildRules = (
			);
			dependencies = (
			);
			name = SuperRocket;
			productName = SuperRocket;
			productReference = 2DD411A4270D381700B1BDC2 /* SuperRocket.app */;
			productType = "com.apple.product-type.application";
		};
/* End PBXNativeTarget section */

/* Begin PBXProject section */
		2DD4119C270D381700B1BDC2 /* Project object */ = {
			isa = PBXProject;
			attributes = {
				BuildIndependentTargetsInParallel = 1;
				LastSwiftUpdateCheck = 1300;
				LastUpgradeCheck = 1300;
				TargetAttributes = {
					2DD411A3270D381700B1BDC2 = {
						CreatedOnToolsVersion = 13.0;
					};
				};
			};
			buildConfigurationList = 2DD4119F270D381700B1BDC2 /* Build configuration list for PBXProject "SuperRocket" */;
			compatibilityVersion = "Xcode 13.0";
			developmentRegion = en;
			hasScannedForEncodings = 0;
			knownRegions = (
				en,
				Base,
			);
			mainGroup = 2DD4119B270D381700B1BDC2;
			productRefGroup = 2DD411A5270D381700B1BDC2 /* Products */;
			projectDirPath = "";
			projectRoot = "";
			targets = (
				2DD411A3270D381700B1BDC2 /* SuperRocket */,
			);
		};
/* End PBXProject section */

/* Begin PBXResourcesBuildPhase section */
		2DD411A2270D381700B1BDC2 /* Resources */ = {
			isa = PBXResourcesBuildPhase;
			buildActionMask = 2147483647;
			files = (
				2DD411B4270D381800B1BDC2 /* LaunchScreen.storyboard in Resources */,
				2DD411B1270D381800B1BDC2 /* Assets.xcassets in Resources */,
				2DD411AF270D381700B1BDC2 /* Main.storyboard in Resources */,
			);
			runOnlyForDeploymentPostprocessing = 0;
		};
/* End PBXResourcesBuildPhase section */

/* Begin PBXShellScriptBuildPhase section */
		80BEE52B70DD2FDD90681FCA /* [CP] Embed Pods Frameworks */ = {
			isa = PBXShellScriptBuildPhase;
			buildActionMask = 2147483647;
			files = (
			);
			inputFileListPaths = (
				"${PODS_ROOT}/Target Support Files/Pods-SuperRocket/Pods-SuperRocket-frameworks-${CONFIGURATION}-input-files.xcfilelist",
			);
			name = "[CP] Embed Pods Frameworks";
			outputFileListPaths = (
				"${PODS_ROOT}/Target Support Files/Pods-SuperRocket/Pods-SuperRocket-frameworks-${CONFIGURATION}-output-files.xcfilelist",
			);
			runOnlyForDeploymentPostprocessing = 0;
			shellPath = /bin/sh;
			shellScript = "\"${PODS_ROOT}/Target Support Files/Pods-SuperRocket/Pods-SuperRocket-frameworks.sh\"\n";
			showEnvVarsInLog = 0;
		};
		9548D45FDBE305CFB34D0C2D /* [CP] Check Pods Manifest.lock */ = {
			isa = PBXShellScriptBuildPhase;
			buildActionMask = 2147483647;
			files = (
			);
			inputFileListPaths = (
			);
			inputPaths = (
				"${PODS_PODFILE_DIR_PATH}/Podfile.lock",
				"${PODS_ROOT}/Manifest.lock",
			);
			name = "[CP] Check Pods Manifest.lock";
			outputFileListPaths = (
			);
			outputPaths = (
				"$(DERIVED_FILE_DIR)/Pods-SuperRocket-checkManifestLockResult.txt",
			);
			runOnlyForDeploymentPostprocessing = 0;
			shellPath = /bin/sh;
			shellScript = "diff \"${PODS_PODFILE_DIR_PATH}/Podfile.lock\" \"${PODS_ROOT}/Manifest.lock\" > /dev/null\nif [ $? != 0 ] ; then\n    # print error to STDERR\n    echo \"error: The sandbox is not in sync with the Podfile.lock. Run 'pod install' or update your CocoaPods installation.\" >&2\n    exit 1\nfi\n# This output is used by Xcode 'outputs' to avoid re-running this script phase.\necho \"SUCCESS\" > \"${SCRIPT_OUTPUT_FILE_0}\"\n";
			showEnvVarsInLog = 0;
		};
/* End PBXShellScriptBuildPhase section */

/* Begin PBXSourcesBuildPhase section */
		2DD411A0270D381700B1BDC2 /* Sources */ = {
			isa = PBXSourcesBuildPhase;
			buildActionMask = 2147483647;
			files = (
				03FC624B271D760D00512585 /* FWMineViewController.swift in Sources */,
				2DD411A8270D381700B1BDC2 /* AppDelegate.swift in Sources */,
				03FC624D271D761800512585 /* FWRankPageViewController.swift in Sources */,
				03FC6247271D758B00512585 /* FWHomePageViewController.swift in Sources */,
			);
			runOnlyForDeploymentPostprocessing = 0;
		};
/* End PBXSourcesBuildPhase section */

/* Begin PBXVariantGroup section */
		2DD411AD270D381700B1BDC2 /* Main.storyboard */ = {
			isa = PBXVariantGroup;
			children = (
				2DD411AE270D381700B1BDC2 /* Base */,
			);
			name = Main.storyboard;
			sourceTree = "<group>";
		};
		2DD411B2270D381800B1BDC2 /* LaunchScreen.storyboard */ = {
			isa = PBXVariantGroup;
			children = (
				2DD411B3270D381800B1BDC2 /* Base */,
			);
			name = LaunchScreen.storyboard;
			sourceTree = "<group>";
		};
/* End PBXVariantGroup section */

/* Begin XCBuildConfiguration section */
		2DD411B6270D381800B1BDC2 /* Debug */ = {
			isa = XCBuildConfiguration;
			buildSettings = {
				ALWAYS_SEARCH_USER_PATHS = NO;
				CLANG_ANALYZER_NONNULL = YES;
				CLANG_ANALYZER_NUMBER_OBJECT_CONVERSION = YES_AGGRESSIVE;
				CLANG_CXX_LANGUAGE_STANDARD = "gnu++17";
				CLANG_CXX_LIBRARY = "libc++";
				CLANG_ENABLE_MODULES = YES;
				CLANG_ENABLE_OBJC_ARC = YES;
				CLANG_ENABLE_OBJC_WEAK = YES;
				CLANG_WARN_BLOCK_CAPTURE_AUTORELEASING = YES;
				CLANG_WARN_BOOL_CONVERSION = YES;
				CLANG_WARN_COMMA = YES;
				CLANG_WARN_CONSTANT_CONVERSION = YES;
				CLANG_WARN_DEPRECATED_OBJC_IMPLEMENTATIONS = YES;
				CLANG_WARN_DIRECT_OBJC_ISA_USAGE = YES_ERROR;
				CLANG_WARN_DOCUMENTATION_COMMENTS = YES;
				CLANG_WARN_EMPTY_BODY = YES;
				CLANG_WARN_ENUM_CONVERSION = YES;
				CLANG_WARN_INFINITE_RECURSION = YES;
				CLANG_WARN_INT_CONVERSION = YES;
				CLANG_WARN_NON_LITERAL_NULL_CONVERSION = YES;
				CLANG_WARN_OBJC_IMPLICIT_RETAIN_SELF = YES;
				CLANG_WARN_OBJC_LITERAL_CONVERSION = YES;
				CLANG_WARN_OBJC_ROOT_CLASS = YES_ERROR;
				CLANG_WARN_QUOTED_INCLUDE_IN_FRAMEWORK_HEADER = YES;
				CLANG_WARN_RANGE_LOOP_ANALYSIS = YES;
				CLANG_WARN_STRICT_PROTOTYPES = YES;
				CLANG_WARN_SUSPICIOUS_MOVE = YES;
				CLANG_WARN_UNGUARDED_AVAILABILITY = YES_AGGRESSIVE;
				CLANG_WARN_UNREACHABLE_CODE = YES;
				CLANG_WARN__DUPLICATE_METHOD_MATCH = YES;
				COPY_PHASE_STRIP = NO;
				DEBUG_INFORMATION_FORMAT = dwarf;
				ENABLE_STRICT_OBJC_MSGSEND = YES;
				ENABLE_TESTABILITY = YES;
				GCC_C_LANGUAGE_STANDARD = gnu11;
				GCC_DYNAMIC_NO_PIC = NO;
				GCC_NO_COMMON_BLOCKS = YES;
				GCC_OPTIMIZATION_LEVEL = 0;
				GCC_PREPROCESSOR_DEFINITIONS = (
					"DEBUG=1",
					"$(inherited)",
				);
				GCC_WARN_64_TO_32_BIT_CONVERSION = YES;
				GCC_WARN_ABOUT_RETURN_TYPE = YES_ERROR;
				GCC_WARN_UNDECLARED_SELECTOR = YES;
				GCC_WARN_UNINITIALIZED_AUTOS = YES_AGGRESSIVE;
				GCC_WARN_UNUSED_FUNCTION = YES;
				GCC_WARN_UNUSED_VARIABLE = YES;
				IPHONEOS_DEPLOYMENT_TARGET = 13.0;
				MTL_ENABLE_DEBUG_INFO = INCLUDE_SOURCE;
				MTL_FAST_MATH = YES;
				ONLY_ACTIVE_ARCH = YES;
				SDKROOT = iphoneos;
				SWIFT_ACTIVE_COMPILATION_CONDITIONS = DEBUG;
				SWIFT_OPTIMIZATION_LEVEL = "-Onone";
			};
			name = Debug;
		};
		2DD411B7270D381800B1BDC2 /* Release */ = {
			isa = XCBuildConfiguration;
			buildSettings = {
				ALWAYS_SEARCH_USER_PATHS = NO;
				CLANG_ANALYZER_NONNULL = YES;
				CLANG_ANALYZER_NUMBER_OBJECT_CONVERSION = YES_AGGRESSIVE;
				CLANG_CXX_LANGUAGE_STANDARD = "gnu++17";
				CLANG_CXX_LIBRARY = "libc++";
				CLANG_ENABLE_MODULES = YES;
				CLANG_ENABLE_OBJC_ARC = YES;
				CLANG_ENABLE_OBJC_WEAK = YES;
				CLANG_WARN_BLOCK_CAPTURE_AUTORELEASING = YES;
				CLANG_WARN_BOOL_CONVERSION = YES;
				CLANG_WARN_COMMA = YES;
				CLANG_WARN_CONSTANT_CONVERSION = YES;
				CLANG_WARN_DEPRECATED_OBJC_IMPLEMENTATIONS = YES;
				CLANG_WARN_DIRECT_OBJC_ISA_USAGE = YES_ERROR;
				CLANG_WARN_DOCUMENTATION_COMMENTS = YES;
				CLANG_WARN_EMPTY_BODY = YES;
				CLANG_WARN_ENUM_CONVERSION = YES;
				CLANG_WARN_INFINITE_RECURSION = YES;
				CLANG_WARN_INT_CONVERSION = YES;
				CLANG_WARN_NON_LITERAL_NULL_CONVERSION = YES;
				CLANG_WARN_OBJC_IMPLICIT_RETAIN_SELF = YES;
				CLANG_WARN_OBJC_LITERAL_CONVERSION = YES;
				CLANG_WARN_OBJC_ROOT_CLASS = YES_ERROR;
				CLANG_WARN_QUOTED_INCLUDE_IN_FRAMEWORK_HEADER = YES;
				CLANG_WARN_RANGE_LOOP_ANALYSIS = YES;
				CLANG_WARN_STRICT_PROTOTYPES = YES;
				CLANG_WARN_SUSPICIOUS_MOVE = YES;
				CLANG_WARN_UNGUARDED_AVAILABILITY = YES_AGGRESSIVE;
				CLANG_WARN_UNREACHABLE_CODE = YES;
				CLANG_WARN__DUPLICATE_METHOD_MATCH = YES;
				COPY_PHASE_STRIP = NO;
				DEBUG_INFORMATION_FORMAT = "dwarf-with-dsym";
				ENABLE_NS_ASSERTIONS = NO;
				ENABLE_STRICT_OBJC_MSGSEND = YES;
				GCC_C_LANGUAGE_STANDARD = gnu11;
				GCC_NO_COMMON_BLOCKS = YES;
				GCC_WARN_64_TO_32_BIT_CONVERSION = YES;
				GCC_WARN_ABOUT_RETURN_TYPE = YES_ERROR;
				GCC_WARN_UNDECLARED_SELECTOR = YES;
				GCC_WARN_UNINITIALIZED_AUTOS = YES_AGGRESSIVE;
				GCC_WARN_UNUSED_FUNCTION = YES;
				GCC_WARN_UNUSED_VARIABLE = YES;
				IPHONEOS_DEPLOYMENT_TARGET = 13.0;
				MTL_ENABLE_DEBUG_INFO = NO;
				MTL_FAST_MATH = YES;
				SDKROOT = iphoneos;
				SWIFT_COMPILATION_MODE = wholemodule;
				SWIFT_OPTIMIZATION_LEVEL = "-O";
				VALIDATE_PRODUCT = YES;
			};
			name = Release;
		};
		2DD411B9270D381800B1BDC2 /* Debug */ = {
			isa = XCBuildConfiguration;
			baseConfigurationReference = 985E34E20B0DC69D52B01F06 /* Pods-SuperRocket.debug.xcconfig */;
			buildSettings = {
				ASSETCATALOG_COMPILER_APPICON_NAME = AppIcon;
				ASSETCATALOG_COMPILER_GLOBAL_ACCENT_COLOR_NAME = AccentColor;
				CODE_SIGN_STYLE = Automatic;
				CURRENT_PROJECT_VERSION = 1;
				DEVELOPMENT_TEAM = CPVYDNY4T8;
				GENERATE_INFOPLIST_FILE = YES;
				INFOPLIST_FILE = SuperRocket/Info.plist;
				INFOPLIST_KEY_UIApplicationSupportsIndirectInputEvents = YES;
				INFOPLIST_KEY_UILaunchStoryboardName = LaunchScreen;
				INFOPLIST_KEY_UISupportedInterfaceOrientations_iPad = "UIInterfaceOrientationPortrait UIInterfaceOrientationPortraitUpsideDown UIInterfaceOrientationLandscapeLeft UIInterfaceOrientationLandscapeRight";
				INFOPLIST_KEY_UISupportedInterfaceOrientations_iPhone = "UIInterfaceOrientationPortrait UIInterfaceOrientationLandscapeLeft UIInterfaceOrientationLandscapeRight";
				LD_RUNPATH_SEARCH_PATHS = (
					"$(inherited)",
					"@executable_path/Frameworks",
				);
				MARKETING_VERSION = 1.0;
				PRODUCT_BUNDLE_IDENTIFIER = com.flyfish.SuperRocket;
				PRODUCT_NAME = "$(TARGET_NAME)";
				SWIFT_EMIT_LOC_STRINGS = YES;
				SWIFT_VERSION = 5.0;
				TARGETED_DEVICE_FAMILY = "1,2";
			};
			name = Debug;
		};
		2DD411BA270D381800B1BDC2 /* Release */ = {
			isa = XCBuildConfiguration;
			baseConfigurationReference = 7E6F1A4219E84D5635EBA333 /* Pods-SuperRocket.release.xcconfig */;
			buildSettings = {
				ASSETCATALOG_COMPILER_APPICON_NAME = AppIcon;
				ASSETCATALOG_COMPILER_GLOBAL_ACCENT_COLOR_NAME = AccentColor;
				CODE_SIGN_STYLE = Automatic;
				CURRENT_PROJECT_VERSION = 1;
				DEVELOPMENT_TEAM = CPVYDNY4T8;
				GENERATE_INFOPLIST_FILE = YES;
				INFOPLIST_FILE = SuperRocket/Info.plist;
				INFOPLIST_KEY_UIApplicationSupportsIndirectInputEvents = YES;
				INFOPLIST_KEY_UILaunchStoryboardName = LaunchScreen;
				INFOPLIST_KEY_UISupportedInterfaceOrientations_iPad = "UIInterfaceOrientationPortrait UIInterfaceOrientationPortraitUpsideDown UIInterfaceOrientationLandscapeLeft UIInterfaceOrientationLandscapeRight";
				INFOPLIST_KEY_UISupportedInterfaceOrientations_iPhone = "UIInterfaceOrientationPortrait UIInterfaceOrientationLandscapeLeft UIInterfaceOrientationLandscapeRight";
				LD_RUNPATH_SEARCH_PATHS = (
					"$(inherited)",
					"@executable_path/Frameworks",
				);
				MARKETING_VERSION = 1.0;
				PRODUCT_BUNDLE_IDENTIFIER = com.flyfish.SuperRocket;
				PRODUCT_NAME = "$(TARGET_NAME)";
				SWIFT_EMIT_LOC_STRINGS = YES;
				SWIFT_VERSION = 5.0;
				TARGETED_DEVICE_FAMILY = "1,2";
			};
			name = Release;
		};
/* End XCBuildConfiguration section */

/* Begin XCConfigurationList section */
		2DD4119F270D381700B1BDC2 /* Build configuration list for PBXProject "SuperRocket" */ = {
			isa = XCConfigurationList;
			buildConfigurations = (
				2DD411B6270D381800B1BDC2 /* Debug */,
				2DD411B7270D381800B1BDC2 /* Release */,
			);
			defaultConfigurationIsVisible = 0;
			defaultConfigurationName = Release;
		};
		2DD411B8270D381800B1BDC2 /* Build configuration list for PBXNativeTarget "SuperRocket" */ = {
			isa = XCConfigurationList;
			buildConfigurations = (
				2DD411B9270D381800B1BDC2 /* Debug */,
				2DD411BA270D381800B1BDC2 /* Release */,
			);
			defaultConfigurationIsVisible = 0;
			defaultConfigurationName = Release;
		};
/* End XCConfigurationList section */
	};
	rootObject = 2DD4119C270D381700B1BDC2 /* Project object */;
}
